<?xml version="1.0" encoding="utf-8"?>
<Project ToolsVersion="4.0" xmlns="http://schemas.microsoft.com/developer/msbuild/2003">
  <ItemGroup>
    <Filter Include="Source Files">
      <UniqueIdentifier>{4FC737F1-C7A5-4376-A066-2A32D752A2FF}</UniqueIdentifier>
      <Extensions>cpp;c;cc;cxx;def;odl;idl;hpj;bat;asm;asmx</Extensions>
    </Filter>
    <Filter Include="Header Files">
      <UniqueIdentifier>{93995380-89BD-4b04-88EB-625FBE52EBFB}</UniqueIdentifier>
      <Extensions>h;hpp;hxx;hm;inl;inc;xsd</Extensions>
    </Filter>
    <Filter Include="Resource Files">
      <UniqueIdentifier>{67DA6AB6-F800-4c08-8B7A-83BB121AAD01}</UniqueIdentifier>
      <Extensions>rc;ico;cur;bmp;dlg;rc2;rct;bin;rgs;gif;jpg;jpeg;jpe;resx;tiff;tif;png;wav;mfcribbon-ms</Extensions>
    </Filter>
    <Filter Include="Driver Files">
      <UniqueIdentifier>{8E41214B-6785-4CFE-B992-037D68949A14}</UniqueIdentifier>
      <Extensions>inf;inv;inx;mof;mc;</Extensions>
    </Filter>
    <Filter Include="Source Files\Callbacks">
      <UniqueIdentifier>{31c3b758-192f-433a-8389-be9e7611f36c}</UniqueIdentifier>
    </Filter>
    <Filter Include="Source Files\MiniFilter">
      <UniqueIdentifier>{515d2fb4-0a01-46cd-ab26-97648786c7f5}</UniqueIdentifier>
    </Filter>
    <Filter Include="Source Files\NotifyRoutine">
      <UniqueIdentifier>{81ee652e-6483-45eb-a2ce-3a06bd95d6ec}</UniqueIdentifier>
    </Filter>
    <Filter Include="Source Files\Coms">
      <UniqueIdentifier>{5142cbca-9047-4871-b292-5a30575a6ed6}</UniqueIdentifier>
    </Filter>
  </ItemGroup>
  <ItemGroup>
    <ClCompile Include="Main.c">
      <Filter>Source Files</Filter>
    </ClCompile>
    <ClCompile Include="Callback.c">
      <Filter>Source Files\Callbacks</Filter>
    </ClCompile>
    <ClCompile Include="Minifilter.c">
      <Filter>Source Files\MiniFilter</Filter>
    </ClCompile>
    <ClCompile Include="NotifyRoutine.c">
      <Filter>Source Files\NotifyRoutine</Filter>
    </ClCompile>
    <ClCompile Include="Coms.c">
      <Filter>Source Files\Coms</Filter>
    </ClCompile>
  </ItemGroup>
  <ItemGroup>
    <ClInclude Include="Callback.h">
      <Filter>Source Files\Callbacks</Filter>
    </ClInclude>
    <ClInclude Include="Minifilter.h">
      <Filter>Source Files\MiniFilter</Filter>
    </ClInclude>
    <ClInclude Include="NotifyRoutine.h">
      <Filter>Source Files\NotifyRoutine</Filter>
    </ClInclude>
    <ClInclude Include="Coms.h">
      <Filter>Source Files\Coms</Filter>
    </ClInclude>
    <ClInclude Include="ComsWarp.h">
      <Filter>Source Files\Coms</Filter>
    </ClInclude>
    <ClInclude Include="ComsEvents.h">
      <Filter>Source Files\Coms</Filter>
    </ClInclude>
  </ItemGroup>
</Project>